
Microsoft Visual Studio Solution File, Format Version 12.00
# Visual Studio Version 17
VisualStudioVersion = 17.2.32210.308
MinimumVisualStudioVersion = 10.0.40219.1
Project("{FAE04EC0-301F-11D3-BF4B-00C04F79EFBC}") = "Check", "Check.csproj", "{4DA686B3-C8F1-454C-A937-0AC32482F2A3}"
EndProject
Global
	GlobalSection(SolutionConfigurationPlatforms) = preSolution
		Debug|Any CPU = Debug|Any CPU
		Release|Any CPU = Release|Any CPU
	EndGlobalSection
	GlobalSection(ProjectConfigurationPlatforms) = postSolution
		{4DA686B3-C8F1-454C-A937-0AC32482F2A3}.Debug|Any CPU.ActiveCfg = Debug|Any CPU
		{4DA686B3-C8F1-454C-A937-0AC32482F2A3}.Debug|Any CPU.Build.0 = Debug|Any CPU
		{4DA686B3-C8F1-454C-A937-0AC32482F2A3}.Release|Any CPU.ActiveCfg = Release|Any CPU
		{4DA686B3-C8F1-454C-A937-0AC32482F2A3}.Release|Any CPU.Build.0 = Release|Any CPU
	EndGlobalSection
	GlobalSection(SolutionProperties) = preSolution
		HideSolutionNode = FALSE
	EndGlobalSection
	GlobalSection(ExtensibilityGlobals) = postSolution
		SolutionGuid = {8DF719A9-3195-42E1-9F91-95C8144AB1B2}
	EndGlobalSection
EndGlobal
